Microsoft Visual Studio Solution File, Format Version 11.00
# Visual Studio 2010
Project("{EB63D5DC-8A11-4948-BE6D-13169C023E29}") = "StShared", "StShared\StShared.vcxproj", "{138D17EB-8A50-437A-BD55-8114A92BCF19}"
EndProject
Project("{EB63D5DC-8A11-4948-BE6D-13169C023E29}") = "StGLWidgets", "StGLWidgets\StGLWidgets.vcxproj", "{F28AE856-40EB-4C12-AD99-AE253B144419}"
	ProjectSection(ProjectDependencies) = postProject
		{138D17EB-8A50-437A-BD55-8114A92BCF19} = {138D17EB-8A50-437A-BD55-8114A92BCF19}
	EndProjectSection
EndProject
Project("{EB63D5DC-8A11-4948-BE6D-13169C023E29}") = "StCore", "StCore\StCore.vcxproj", "{4CFDA18A-0A2E-48DC-BDCB-639C75918B56}"
	ProjectSection(ProjectDependencies) = postProject
		{138D17EB-8A50-437A-BD55-8114A92BCF19} = {138D17EB-8A50-437A-BD55-8114A92BCF19}
	EndProjectSection
EndProject
Project("{EB63D5DC-8A11-4948-BE6D-13169C023E29}") = "StOutAnaglyph", "StOutAnaglyph\StOutAnaglyph.vcxproj", "{31E2A141-77B9-403B-BAAC-43D7EE2A6EA6}"
	ProjectSection(ProjectDependencies) = postProject
		{138D17EB-8A50-437A-BD55-8114A92BCF19} = {138D17EB-8A50-437A-BD55-8114A92BCF19}
		{4CFDA18A-0A2E-48DC-BDCB-639C75918B56} = {4CFDA18A-0A2E-48DC-BDCB-639C75918B56}
	EndProjectSection
EndProject
Project("{EB63D5DC-8A11-4948-BE6D-13169C023E29}") = "StOutDistorted", "StOutDistorted\StOutDistorted.vcxproj", "{9C75F4C5-87F2-4DBA-B5AD-E41C0ADE0E8A}"
	ProjectSection(ProjectDependencies) = postProject
		{138D17EB-8A50-437A-BD55-8114A92BCF19} = {138D17EB-8A50-437A-BD55-8114A92BCF19}
		{4CFDA18A-0A2E-48DC-BDCB-639C75918B56} = {4CFDA18A-0A2E-48DC-BDCB-639C75918B56}
	EndProjectSection
EndProject
Project("{EB63D5DC-8A11-4948-BE6D-13169C023E29}") = "StOutDual", "StOutDual\StOutDual.vcxproj", "{1C3EB22E-6FD6-40F7-AEBC-C43FD0F9329F}"
	ProjectSection(ProjectDependencies) = postProject
		{138D17EB-8A50-437A-BD55-8114A92BCF19} = {138D17EB-8A50-437A-BD55-8114A92BCF19}
		{4CFDA18A-0A2E-48DC-BDCB-639C75918B56} = {4CFDA18A-0A2E-48DC-BDCB-639C75918B56}
	EndProjectSection
EndProject
Project("{EB63D5DC-8A11-4948-BE6D-13169C023E29}") = "StOutInterlace", "StOutInterlace\StOutInterlace.vcxproj", "{D7A2C3D4-2A3C-447C-B008-D62F8A42C078}"
	ProjectSection(ProjectDependencies) = postProject
		{138D17EB-8A50-437A-BD55-8114A92BCF19} = {138D17EB-8A50-437A-BD55-8114A92BCF19}
		{4CFDA18A-0A2E-48DC-BDCB-639C75918B56} = {4CFDA18A-0A2E-48DC-BDCB-639C75918B56}
	EndProjectSection
EndProject
Project("{EB63D5DC-8A11-4948-BE6D-13169C023E29}") = "StOutIZ3D", "StOutIZ3D\StOutIZ3D.vcxproj", "{D04F44B7-0B73-47F0-A14F-D317C39A5DFB}"
	ProjectSection(ProjectDependencies) = postProject
		{138D17EB-8A50-437A-BD55-8114A92BCF19} = {138D17EB-8A50-437A-BD55-8114A92BCF19}
		{4CFDA18A-0A2E-48DC-BDCB-639C75918B56} = {4CFDA18A-0A2E-48DC-BDCB-639C75918B56}
	EndProjectSection
EndProject
Project("{EB63D5DC-8A11-4948-BE6D-13169C023E29}") = "StOutPageFlip", "StOutPageFlip\StOutPageFlip.vcxproj", "{7567623C-94E0-478D-B4C8-C5C1B020B5B5}"
	ProjectSection(ProjectDependencies) = postProject
		{138D17EB-8A50-437A-BD55-8114A92BCF19} = {138D17EB-8A50-437A-BD55-8114A92BCF19}
		{4CFDA18A-0A2E-48DC-BDCB-639C75918B56} = {4CFDA18A-0A2E-48DC-BDCB-639C75918B56}
	EndProjectSection
EndProject
Project("{EB63D5DC-8A11-4948-BE6D-13169C023E29}") = "StImageViewer", "StImageViewer\StImageViewer.vcxproj", "{6B5C42D6-F103-4511-8F3C-48F320B16043}"
	ProjectSection(ProjectDependencies) = postProject
		{138D17EB-8A50-437A-BD55-8114A92BCF19} = {138D17EB-8A50-437A-BD55-8114A92BCF19}
		{F28AE856-40EB-4C12-AD99-AE253B144419} = {F28AE856-40EB-4C12-AD99-AE253B144419}
		{4CFDA18A-0A2E-48DC-BDCB-639C75918B56} = {4CFDA18A-0A2E-48DC-BDCB-639C75918B56}
		{31E2A141-77B9-403B-BAAC-43D7EE2A6EA6} = {31E2A141-77B9-403B-BAAC-43D7EE2A6EA6}
		{9C75F4C5-87F2-4DBA-B5AD-E41C0ADE0E8A} = {9C75F4C5-87F2-4DBA-B5AD-E41C0ADE0E8A}
		{1C3EB22E-6FD6-40F7-AEBC-C43FD0F9329F} = {1C3EB22E-6FD6-40F7-AEBC-C43FD0F9329F}
		{D7A2C3D4-2A3C-447C-B008-D62F8A42C078} = {D7A2C3D4-2A3C-447C-B008-D62F8A42C078}
		{D04F44B7-0B73-47F0-A14F-D317C39A5DFB} = {D04F44B7-0B73-47F0-A14F-D317C39A5DFB}
		{7567623C-94E0-478D-B4C8-C5C1B020B5B5} = {7567623C-94E0-478D-B4C8-C5C1B020B5B5}
	EndProjectSection
EndProject
Project("{EB63D5DC-8A11-4948-BE6D-13169C023E29}") = "StMoviePlayer", "StMoviePlayer\StMoviePlayer.vcxproj", "{3985832B-709C-4B38-B5A9-8792E09DF17B}"
	ProjectSection(ProjectDependencies) = postProject
		{138D17EB-8A50-437A-BD55-8114A92BCF19} = {138D17EB-8A50-437A-BD55-8114A92BCF19}
		{F28AE856-40EB-4C12-AD99-AE253B144419} = {F28AE856-40EB-4C12-AD99-AE253B144419}
		{4CFDA18A-0A2E-48DC-BDCB-639C75918B56} = {4CFDA18A-0A2E-48DC-BDCB-639C75918B56}
		{31E2A141-77B9-403B-BAAC-43D7EE2A6EA6} = {31E2A141-77B9-403B-BAAC-43D7EE2A6EA6}
		{9C75F4C5-87F2-4DBA-B5AD-E41C0ADE0E8A} = {9C75F4C5-87F2-4DBA-B5AD-E41C0ADE0E8A}
		{1C3EB22E-6FD6-40F7-AEBC-C43FD0F9329F} = {1C3EB22E-6FD6-40F7-AEBC-C43FD0F9329F}
		{D7A2C3D4-2A3C-447C-B008-D62F8A42C078} = {D7A2C3D4-2A3C-447C-B008-D62F8A42C078}
		{D04F44B7-0B73-47F0-A14F-D317C39A5DFB} = {D04F44B7-0B73-47F0-A14F-D317C39A5DFB}
		{7567623C-94E0-478D-B4C8-C5C1B020B5B5} = {7567623C-94E0-478D-B4C8-C5C1B020B5B5}
	EndProjectSection
EndProject
Project("{EB63D5DC-8A11-4948-BE6D-13169C023E29}") = "StDiagnostics", "StDiagnostics\StDiagnostics.vcxproj", "{BA6A36ED-50D1-4ED8-80EE-8C74A824F75B}"
	ProjectSection(ProjectDependencies) = postProject
		{138D17EB-8A50-437A-BD55-8114A92BCF19} = {138D17EB-8A50-437A-BD55-8114A92BCF19}
		{F28AE856-40EB-4C12-AD99-AE253B144419} = {F28AE856-40EB-4C12-AD99-AE253B144419}
		{4CFDA18A-0A2E-48DC-BDCB-639C75918B56} = {4CFDA18A-0A2E-48DC-BDCB-639C75918B56}
		{31E2A141-77B9-403B-BAAC-43D7EE2A6EA6} = {31E2A141-77B9-403B-BAAC-43D7EE2A6EA6}
		{9C75F4C5-87F2-4DBA-B5AD-E41C0ADE0E8A} = {9C75F4C5-87F2-4DBA-B5AD-E41C0ADE0E8A}
		{1C3EB22E-6FD6-40F7-AEBC-C43FD0F9329F} = {1C3EB22E-6FD6-40F7-AEBC-C43FD0F9329F}
		{D7A2C3D4-2A3C-447C-B008-D62F8A42C078} = {D7A2C3D4-2A3C-447C-B008-D62F8A42C078}
		{D04F44B7-0B73-47F0-A14F-D317C39A5DFB} = {D04F44B7-0B73-47F0-A14F-D317C39A5DFB}
		{7567623C-94E0-478D-B4C8-C5C1B020B5B5} = {7567623C-94E0-478D-B4C8-C5C1B020B5B5}
	EndProjectSection
EndProject
Project("{EB63D5DC-8A11-4948-BE6D-13169C023E29}") = "StCADViewer", "StCADViewer\StCADViewer.vcxproj", "{B97C511B-8A26-4551-8A11-B562E07DFF49}"
	ProjectSection(ProjectDependencies) = postProject
		{138D17EB-8A50-437A-BD55-8114A92BCF19} = {138D17EB-8A50-437A-BD55-8114A92BCF19}
		{F28AE856-40EB-4C12-AD99-AE253B144419} = {F28AE856-40EB-4C12-AD99-AE253B144419}
		{4CFDA18A-0A2E-48DC-BDCB-639C75918B56} = {4CFDA18A-0A2E-48DC-BDCB-639C75918B56}
		{31E2A141-77B9-403B-BAAC-43D7EE2A6EA6} = {31E2A141-77B9-403B-BAAC-43D7EE2A6EA6}
		{9C75F4C5-87F2-4DBA-B5AD-E41C0ADE0E8A} = {9C75F4C5-87F2-4DBA-B5AD-E41C0ADE0E8A}
		{1C3EB22E-6FD6-40F7-AEBC-C43FD0F9329F} = {1C3EB22E-6FD6-40F7-AEBC-C43FD0F9329F}
		{D7A2C3D4-2A3C-447C-B008-D62F8A42C078} = {D7A2C3D4-2A3C-447C-B008-D62F8A42C078}
		{D04F44B7-0B73-47F0-A14F-D317C39A5DFB} = {D04F44B7-0B73-47F0-A14F-D317C39A5DFB}
		{7567623C-94E0-478D-B4C8-C5C1B020B5B5} = {7567623C-94E0-478D-B4C8-C5C1B020B5B5}
	EndProjectSection
EndProject
Project("{EB63D5DC-8A11-4948-BE6D-13169C023E29}") = "sview", "sview\sview.vcxproj", "{F5F3BCE6-B5AE-4A6F-9C86-33E212980905}"
	ProjectSection(ProjectDependencies) = postProject
		{138D17EB-8A50-437A-BD55-8114A92BCF19} = {138D17EB-8A50-437A-BD55-8114A92BCF19}
		{F28AE856-40EB-4C12-AD99-AE253B144419} = {F28AE856-40EB-4C12-AD99-AE253B144419}
		{4CFDA18A-0A2E-48DC-BDCB-639C75918B56} = {4CFDA18A-0A2E-48DC-BDCB-639C75918B56}
		{31E2A141-77B9-403B-BAAC-43D7EE2A6EA6} = {31E2A141-77B9-403B-BAAC-43D7EE2A6EA6}
		{9C75F4C5-87F2-4DBA-B5AD-E41C0ADE0E8A} = {9C75F4C5-87F2-4DBA-B5AD-E41C0ADE0E8A}
		{1C3EB22E-6FD6-40F7-AEBC-C43FD0F9329F} = {1C3EB22E-6FD6-40F7-AEBC-C43FD0F9329F}
		{D7A2C3D4-2A3C-447C-B008-D62F8A42C078} = {D7A2C3D4-2A3C-447C-B008-D62F8A42C078}
		{D04F44B7-0B73-47F0-A14F-D317C39A5DFB} = {D04F44B7-0B73-47F0-A14F-D317C39A5DFB}
		{7567623C-94E0-478D-B4C8-C5C1B020B5B5} = {7567623C-94E0-478D-B4C8-C5C1B020B5B5}
		{6B5C42D6-F103-4511-8F3C-48F320B16043} = {6B5C42D6-F103-4511-8F3C-48F320B16043}
		{3985832B-709C-4B38-B5A9-8792E09DF17B} = {3985832B-709C-4B38-B5A9-8792E09DF17B}
		{B97C511B-8A26-4551-8A11-B562E07DFF49} = {B97C511B-8A26-4551-8A11-B562E07DFF49}
		{BA6A36ED-50D1-4ED8-80EE-8C74A824F75B} = {BA6A36ED-50D1-4ED8-80EE-8C74A824F75B}
	EndProjectSection
EndProject
Global
	GlobalSection(SolutionConfigurationPlatforms) = preSolution
		Debug|Win32 = Debug|Win32
		Release|Win32 = Release|Win32
		Debug|x64 = Debug|x64
		Release|x64 = Release|x64
	EndGlobalSection
	GlobalSection(ProjectConfigurationPlatforms) = postSolution
		{138D17EB-8A50-437A-BD55-8114A92BCF19}.Debug|Win32.ActiveCfg = Debug|Win32
		{138D17EB-8A50-437A-BD55-8114A92BCF19}.Debug|Win32.Build.0 = Debug|Win32
		{138D17EB-8A50-437A-BD55-8114A92BCF19}.Release|Win32.ActiveCfg = Release|Win32
		{138D17EB-8A50-437A-BD55-8114A92BCF19}.Release|Win32.Build.0 = Release|Win32
		{138D17EB-8A50-437A-BD55-8114A92BCF19}.Debug|x64.ActiveCfg = Debug|x64
		{138D17EB-8A50-437A-BD55-8114A92BCF19}.Debug|x64.Build.0 = Debug|x64
		{138D17EB-8A50-437A-BD55-8114A92BCF19}.Release|x64.ActiveCfg = Release|x64
		{138D17EB-8A50-437A-BD55-8114A92BCF19}.Release|x64.Build.0 = Release|x64
		{F28AE856-40EB-4C12-AD99-AE253B144419}.Debug|Win32.ActiveCfg = Debug|Win32
		{F28AE856-40EB-4C12-AD99-AE253B144419}.Debug|Win32.Build.0 = Debug|Win32
		{F28AE856-40EB-4C12-AD99-AE253B144419}.Release|Win32.ActiveCfg = Release|Win32
		{F28AE856-40EB-4C12-AD99-AE253B144419}.Release|Win32.Build.0 = Release|Win32
		{F28AE856-40EB-4C12-AD99-AE253B144419}.Debug|x64.ActiveCfg = Debug|x64
		{F28AE856-40EB-4C12-AD99-AE253B144419}.Debug|x64.Build.0 = Debug|x64
		{F28AE856-40EB-4C12-AD99-AE253B144419}.Release|x64.ActiveCfg = Release|x64
		{F28AE856-40EB-4C12-AD99-AE253B144419}.Release|x64.Build.0 = Release|x64
		{4CFDA18A-0A2E-48DC-BDCB-639C75918B56}.Debug|Win32.ActiveCfg = Debug|Win32
		{4CFDA18A-0A2E-48DC-BDCB-639C75918B56}.Debug|Win32.Build.0 = Debug|Win32
		{4CFDA18A-0A2E-48DC-BDCB-639C75918B56}.Release|Win32.ActiveCfg = Release|Win32
		{4CFDA18A-0A2E-48DC-BDCB-639C75918B56}.Release|Win32.Build.0 = Release|Win32
		{4CFDA18A-0A2E-48DC-BDCB-639C75918B56}.Debug|x64.ActiveCfg = Debug|x64
		{4CFDA18A-0A2E-48DC-BDCB-639C75918B56}.Debug|x64.Build.0 = Debug|x64
		{4CFDA18A-0A2E-48DC-BDCB-639C75918B56}.Release|x64.ActiveCfg = Release|x64
		{4CFDA18A-0A2E-48DC-BDCB-639C75918B56}.Release|x64.Build.0 = Release|x64
		{31E2A141-77B9-403B-BAAC-43D7EE2A6EA6}.Debug|Win32.ActiveCfg = Debug|Win32
		{31E2A141-77B9-403B-BAAC-43D7EE2A6EA6}.Debug|Win32.Build.0 = Debug|Win32
		{31E2A141-77B9-403B-BAAC-43D7EE2A6EA6}.Release|Win32.ActiveCfg = Release|Win32
		{31E2A141-77B9-403B-BAAC-43D7EE2A6EA6}.Release|Win32.Build.0 = Release|Win32
		{31E2A141-77B9-403B-BAAC-43D7EE2A6EA6}.Debug|x64.ActiveCfg = Debug|x64
		{31E2A141-77B9-403B-BAAC-43D7EE2A6EA6}.Debug|x64.Build.0 = Debug|x64
		{31E2A141-77B9-403B-BAAC-43D7EE2A6EA6}.Release|x64.ActiveCfg = Release|x64
		{31E2A141-77B9-403B-BAAC-43D7EE2A6EA6}.Release|x64.Build.0 = Release|x64
		{9C75F4C5-87F2-4DBA-B5AD-E41C0ADE0E8A}.Debug|Win32.ActiveCfg = Debug|Win32
		{9C75F4C5-87F2-4DBA-B5AD-E41C0ADE0E8A}.Debug|Win32.Build.0 = Debug|Win32
		{9C75F4C5-87F2-4DBA-B5AD-E41C0ADE0E8A}.Release|Win32.ActiveCfg = Release|Win32
		{9C75F4C5-87F2-4DBA-B5AD-E41C0ADE0E8A}.Release|Win32.Build.0 = Release|Win32
		{9C75F4C5-87F2-4DBA-B5AD-E41C0ADE0E8A}.Debug|x64.ActiveCfg = Debug|x64
		{9C75F4C5-87F2-4DBA-B5AD-E41C0ADE0E8A}.Debug|x64.Build.0 = Debug|x64
		{9C75F4C5-87F2-4DBA-B5AD-E41C0ADE0E8A}.Release|x64.ActiveCfg = Release|x64
		{9C75F4C5-87F2-4DBA-B5AD-E41C0ADE0E8A}.Release|x64.Build.0 = Release|x64
		{1C3EB22E-6FD6-40F7-AEBC-C43FD0F9329F}.Debug|Win32.ActiveCfg = Debug|Win32
		{1C3EB22E-6FD6-40F7-AEBC-C43FD0F9329F}.Debug|Win32.Build.0 = Debug|Win32
		{1C3EB22E-6FD6-40F7-AEBC-C43FD0F9329F}.Release|Win32.ActiveCfg = Release|Win32
		{1C3EB22E-6FD6-40F7-AEBC-C43FD0F9329F}.Release|Win32.Build.0 = Release|Win32
		{1C3EB22E-6FD6-40F7-AEBC-C43FD0F9329F}.Debug|x64.ActiveCfg = Debug|x64
		{1C3EB22E-6FD6-40F7-AEBC-C43FD0F9329F}.Debug|x64.Build.0 = Debug|x64
		{1C3EB22E-6FD6-40F7-AEBC-C43FD0F9329F}.Release|x64.ActiveCfg = Release|x64
		{1C3EB22E-6FD6-40F7-AEBC-C43FD0F9329F}.Release|x64.Build.0 = Release|x64
		{D7A2C3D4-2A3C-447C-B008-D62F8A42C078}.Debug|Win32.ActiveCfg = Debug|Win32
		{D7A2C3D4-2A3C-447C-B008-D62F8A42C078}.Debug|Win32.Build.0 = Debug|Win32
		{D7A2C3D4-2A3C-447C-B008-D62F8A42C078}.Release|Win32.ActiveCfg = Release|Win32
		{D7A2C3D4-2A3C-447C-B008-D62F8A42C078}.Release|Win32.Build.0 = Release|Win32
		{D7A2C3D4-2A3C-447C-B008-D62F8A42C078}.Debug|x64.ActiveCfg = Debug|x64
		{D7A2C3D4-2A3C-447C-B008-D62F8A42C078}.Debug|x64.Build.0 = Debug|x64
		{D7A2C3D4-2A3C-447C-B008-D62F8A42C078}.Release|x64.ActiveCfg = Release|x64
		{D7A2C3D4-2A3C-447C-B008-D62F8A42C078}.Release|x64.Build.0 = Release|x64
		{D04F44B7-0B73-47F0-A14F-D317C39A5DFB}.Debug|Win32.ActiveCfg = Debug|Win32
		{D04F44B7-0B73-47F0-A14F-D317C39A5DFB}.Debug|Win32.Build.0 = Debug|Win32
		{D04F44B7-0B73-47F0-A14F-D317C39A5DFB}.Release|Win32.ActiveCfg = Release|Win32
		{D04F44B7-0B73-47F0-A14F-D317C39A5DFB}.Release|Win32.Build.0 = Release|Win32
		{D04F44B7-0B73-47F0-A14F-D317C39A5DFB}.Debug|x64.ActiveCfg = Debug|x64
		{D04F44B7-0B73-47F0-A14F-D317C39A5DFB}.Debug|x64.Build.0 = Debug|x64
		{D04F44B7-0B73-47F0-A14F-D317C39A5DFB}.Release|x64.ActiveCfg = Release|x64
		{D04F44B7-0B73-47F0-A14F-D317C39A5DFB}.Release|x64.Build.0 = Release|x64
		{7567623C-94E0-478D-B4C8-C5C1B020B5B5}.Debug|Win32.ActiveCfg = Debug|Win32
		{7567623C-94E0-478D-B4C8-C5C1B020B5B5}.Debug|Win32.Build.0 = Debug|Win32
		{7567623C-94E0-478D-B4C8-C5C1B020B5B5}.Release|Win32.ActiveCfg = Release|Win32
		{7567623C-94E0-478D-B4C8-C5C1B020B5B5}.Release|Win32.Build.0 = Release|Win32
		{7567623C-94E0-478D-B4C8-C5C1B020B5B5}.Debug|x64.ActiveCfg = Debug|x64
		{7567623C-94E0-478D-B4C8-C5C1B020B5B5}.Debug|x64.Build.0 = Debug|x64
		{7567623C-94E0-478D-B4C8-C5C1B020B5B5}.Release|x64.ActiveCfg = Release|x64
		{7567623C-94E0-478D-B4C8-C5C1B020B5B5}.Release|x64.Build.0 = Release|x64
		{6B5C42D6-F103-4511-8F3C-48F320B16043}.Debug|Win32.ActiveCfg = Debug|Win32
		{6B5C42D6-F103-4511-8F3C-48F320B16043}.Debug|Win32.Build.0 = Debug|Win32
		{6B5C42D6-F103-4511-8F3C-48F320B16043}.Release|Win32.ActiveCfg = Release|Win32
		{6B5C42D6-F103-4511-8F3C-48F320B16043}.Release|Win32.Build.0 = Release|Win32
		{6B5C42D6-F103-4511-8F3C-48F320B16043}.Debug|x64.ActiveCfg = Debug|x64
		{6B5C42D6-F103-4511-8F3C-48F320B16043}.Debug|x64.Build.0 = Debug|x64
		{6B5C42D6-F103-4511-8F3C-48F320B16043}.Release|x64.ActiveCfg = Release|x64
		{6B5C42D6-F103-4511-8F3C-48F320B16043}.Release|x64.Build.0 = Release|x64
		{3985832B-709C-4B38-B5A9-8792E09DF17B}.Debug|Win32.ActiveCfg = Debug|Win32
		{3985832B-709C-4B38-B5A9-8792E09DF17B}.Debug|Win32.Build.0 = Debug|Win32
		{3985832B-709C-4B38-B5A9-8792E09DF17B}.Release|Win32.ActiveCfg = Release|Win32
		{3985832B-709C-4B38-B5A9-8792E09DF17B}.Release|Win32.Build.0 = Release|Win32
		{3985832B-709C-4B38-B5A9-8792E09DF17B}.Debug|x64.ActiveCfg = Debug|x64
		{3985832B-709C-4B38-B5A9-8792E09DF17B}.Debug|x64.Build.0 = Debug|x64
		{3985832B-709C-4B38-B5A9-8792E09DF17B}.Release|x64.ActiveCfg = Release|x64
		{3985832B-709C-4B38-B5A9-8792E09DF17B}.Release|x64.Build.0 = Release|x64
		{BA6A36ED-50D1-4ED8-80EE-8C74A824F75B}.Debug|Win32.ActiveCfg = Debug|Win32
		{BA6A36ED-50D1-4ED8-80EE-8C74A824F75B}.Debug|Win32.Build.0 = Debug|Win32
		{BA6A36ED-50D1-4ED8-80EE-8C74A824F75B}.Release|Win32.ActiveCfg = Release|Win32
		{BA6A36ED-50D1-4ED8-80EE-8C74A824F75B}.Release|Win32.Build.0 = Release|Win32
		{BA6A36ED-50D1-4ED8-80EE-8C74A824F75B}.Debug|x64.ActiveCfg = Debug|x64
		{BA6A36ED-50D1-4ED8-80EE-8C74A824F75B}.Debug|x64.Build.0 = Debug|x64
		{BA6A36ED-50D1-4ED8-80EE-8C74A824F75B}.Release|x64.ActiveCfg = Release|x64
		{BA6A36ED-50D1-4ED8-80EE-8C74A824F75B}.Release|x64.Build.0 = Release|x64
		{B97C511B-8A26-4551-8A11-B562E07DFF49}.Debug|Win32.ActiveCfg = Debug|Win32
		{B97C511B-8A26-4551-8A11-B562E07DFF49}.Debug|Win32.Build.0 = Debug|Win32
		{B97C511B-8A26-4551-8A11-B562E07DFF49}.Release|Win32.ActiveCfg = Release|Win32
		{B97C511B-8A26-4551-8A11-B562E07DFF49}.Release|Win32.Build.0 = Release|Win32
		{B97C511B-8A26-4551-8A11-B562E07DFF49}.Debug|x64.ActiveCfg = Debug|x64
		{B97C511B-8A26-4551-8A11-B562E07DFF49}.Debug|x64.Build.0 = Debug|x64
		{B97C511B-8A26-4551-8A11-B562E07DFF49}.Release|x64.ActiveCfg = Release|x64
		{B97C511B-8A26-4551-8A11-B562E07DFF49}.Release|x64.Build.0 = Release|x64
		{F5F3BCE6-B5AE-4A6F-9C86-33E212980905}.Debug|Win32.ActiveCfg = Debug|Win32
		{F5F3BCE6-B5AE-4A6F-9C86-33E212980905}.Debug|Win32.Build.0 = Debug|Win32
		{F5F3BCE6-B5AE-4A6F-9C86-33E212980905}.Release|Win32.ActiveCfg = Release|Win32
		{F5F3BCE6-B5AE-4A6F-9C86-33E212980905}.Release|Win32.Build.0 = Release|Win32
		{F5F3BCE6-B5AE-4A6F-9C86-33E212980905}.Debug|x64.ActiveCfg = Debug|x64
		{F5F3BCE6-B5AE-4A6F-9C86-33E212980905}.Debug|x64.Build.0 = Debug|x64
		{F5F3BCE6-B5AE-4A6F-9C86-33E212980905}.Release|x64.ActiveCfg = Release|x64
		{F5F3BCE6-B5AE-4A6F-9C86-33E212980905}.Release|x64.Build.0 = Release|x64
	EndGlobalSection
	GlobalSection(SolutionProperties) = preSolution
		HideSolutionNode = FALSE
	EndGlobalSection
EndGlobal
