<?xml version="1.0" encoding="UTF-8" standalone="yes" ?>
<CodeBlocks_project_file>
	<FileVersion major="1" minor="6" />
	<Project>
		<Option title="StGLWidgets" />
		<Option pch_mode="2" />
		<Option compiler="gcc" />
		<Build>
			<Target title="WIN_vc_x86">
				<Option output="../bin/$(TARGET_NAME)/StGLWidgets" imp_lib="../lib/$(TARGET_NAME)/$(TARGET_OUTPUT_BASENAME).a" def_file="$(TARGET_OUTPUT_DIR)$(TARGET_OUTPUT_BASENAME).def" prefix_auto="1" extension_auto="1" />
				<Option working_dir="../bin/$(TARGET_NAME)" />
				<Option object_output="obj/$(TARGET_NAME)/" />
				<Option type="3" />
				<Option compiler="msvc10" />
				<Option createStaticLib="1" />
				<Compiler>
					<Add option="/MD" />
					<Add option="/Ox" />
					<Add option="/W4" />
					<Add option="/EHsc" />
					<Add option="/MP" />
					<Add option="/DUNICODE" />
					<Add option="/D_CRT_SECURE_NO_WARNINGS" />
					<Add option="-DST_HAVE_STCONFIG" />
				</Compiler>
				<Linker>
					<Add library="opengl32" />
					<Add library="user32" />
				</Linker>
			</Target>
			<Target title="WIN_vc_AMD64_DEBUG">
				<Option output="../bin/$(TARGET_NAME)/StGLWidgets" imp_lib="../lib/$(TARGET_NAME)/$(TARGET_OUTPUT_BASENAME).a" def_file="$(TARGET_OUTPUT_DIR)$(TARGET_OUTPUT_BASENAME).def" prefix_auto="1" extension_auto="1" />
				<Option working_dir="../bin/$(TARGET_NAME)" />
				<Option object_output="obj/$(TARGET_NAME)/" />
				<Option type="3" />
				<Option compiler="windows_sdk_x86_64" />
				<Option createStaticLib="1" />
				<Compiler>
					<Add option="/MDd" />
					<Add option="/Od" />
					<Add option="/W4" />
					<Add option="/Zi" />
					<Add option="/EHsc" />
					<Add option="/MP" />
					<Add option="/DUNICODE" />
					<Add option="/D_CRT_SECURE_NO_WARNINGS" />
					<Add option="/DST_DEBUG" />
					<Add option="-DST_HAVE_STCONFIG" />
				</Compiler>
				<Linker>
					<Add option="/DEBUG" />
					<Add library="opengl32" />
					<Add library="user32" />
				</Linker>
			</Target>
			<Target title="WIN_vc_AMD64">
				<Option output="../bin/$(TARGET_NAME)/StGLWidgets" imp_lib="../lib/$(TARGET_NAME)/$(TARGET_OUTPUT_BASENAME).a" def_file="$(TARGET_OUTPUT_DIR)$(TARGET_OUTPUT_BASENAME).def" prefix_auto="1" extension_auto="1" />
				<Option working_dir="../bin/$(TARGET_NAME)" />
				<Option object_output="obj/$(TARGET_NAME)/" />
				<Option type="3" />
				<Option compiler="windows_sdk_x86_64" />
				<Option createStaticLib="1" />
				<Compiler>
					<Add option="/MD" />
					<Add option="/Ox" />
					<Add option="/W4" />
					<Add option="/EHsc" />
					<Add option="/MP" />
					<Add option="/DUNICODE" />
					<Add option="/D_CRT_SECURE_NO_WARNINGS" />
					<Add option="-DST_HAVE_STCONFIG" />
				</Compiler>
				<Linker>
					<Add library="opengl32" />
					<Add library="user32" />
				</Linker>
			</Target>
			<Target title="LINUX_gcc">
				<Option output="../bin/$(TARGET_NAME)/libStGLWidgets" prefix_auto="1" extension_auto="1" />
				<Option working_dir="../bin/$(TARGET_NAME)" />
				<Option object_output="obj/$(TARGET_NAME)/" />
				<Option type="3" />
				<Option compiler="gcc" />
				<Option createDefFile="1" />
				<Option createStaticLib="1" />
				<Compiler>
					<Add option="-O3" />
					<Add option="-std=c++0x" />
					<Add option="-Wall" />
					<Add option="-fPIC" />
					<Add option="-mmmx" />
					<Add option="-msse" />
					<Add option="`pkg-config gtk+-2.0 --cflags`" />
					<Add option="-DST_HAVE_STCONFIG" />
				</Compiler>
				<Linker>
					<Add option="-s" />
					<Add option="-z defs" />
					<Add library="GL" />
				</Linker>
			</Target>
			<Target title="LINUX_gcc_DEBUG">
				<Option output="../bin/$(TARGET_NAME)/libStGLWidgets" prefix_auto="1" extension_auto="1" />
				<Option working_dir="../bin/$(TARGET_NAME)" />
				<Option object_output="obj/$(TARGET_NAME)/" />
				<Option type="3" />
				<Option compiler="gcc" />
				<Option createDefFile="1" />
				<Option createStaticLib="1" />
				<Compiler>
					<Add option="-std=c++0x" />
					<Add option="-Wall" />
					<Add option="-g" />
					<Add option="-fPIC" />
					<Add option="-mmmx" />
					<Add option="-msse" />
					<Add option="`pkg-config gtk+-2.0 --cflags`" />
					<Add option="-DST_DEBUG" />
					<Add option="-DST_HAVE_STCONFIG" />
				</Compiler>
				<Linker>
					<Add option="-z defs" />
					<Add library="GL" />
				</Linker>
			</Target>
			<Target title="MAC_gcc">
				<Option output="../bin/$(TARGET_NAME)/sView.app/Contents/MacOS/libStGLWidgets" prefix_auto="1" extension_auto="1" />
				<Option working_dir="../bin/$(TARGET_NAME)" />
				<Option object_output="obj/$(TARGET_NAME)/" />
				<Option type="3" />
				<Option compiler="gcc" />
				<Compiler>
					<Add option="-O3" />
					<Add option="-Wall" />
					<Add option="-fPIC" />
					<Add option="-DST_HAVE_STCONFIG" />
				</Compiler>
				<Linker>
					<Add option="-s" />
					<Add option="-framework OpenGL" />
					<Add library="objc" />
				</Linker>
				<ExtraCommands>
					<Add after='install_name_tool -id @executable_path/$(TARGET_OUTPUT_BASENAME).dylib &quot;$(TARGET_OUTPUT_FILE)&quot;' />
					<Add after='ln -f -s &quot;../$(TARGET_OUTPUT_FILE)&quot; ../lib/$(TARGET_NAME)' />
					<Mode after="always" />
				</ExtraCommands>
			</Target>
			<Target title="MAC_gcc_DEBUG">
				<Option output="../bin/$(TARGET_NAME)/sView.app/Contents/MacOS/libStGLWidgets" prefix_auto="1" extension_auto="1" />
				<Option working_dir="../bin/$(TARGET_NAME)" />
				<Option object_output="obj/$(TARGET_NAME)/" />
				<Option type="3" />
				<Option compiler="gcc" />
				<Compiler>
					<Add option="-Wall" />
					<Add option="-g" />
					<Add option="-fPIC" />
					<Add option="-DST_DEBUG" />
					<Add option="-DST_HAVE_STCONFIG" />
				</Compiler>
				<Linker>
					<Add option="-framework OpenGL" />
					<Add library="objc" />
				</Linker>
				<ExtraCommands>
					<Add after='install_name_tool -id @executable_path/$(TARGET_OUTPUT_BASENAME).dylib &quot;$(TARGET_OUTPUT_FILE)&quot;' />
					<Add after='ln -f -s &quot;../$(TARGET_OUTPUT_FILE)&quot; ../lib/$(TARGET_NAME)' />
					<Mode after="always" />
				</ExtraCommands>
			</Target>
		</Build>
		<Compiler>
			<Add directory="../3rdparty/include" />
			<Add directory="../include" />
		</Compiler>
		<ResourceCompiler>
			<Add directory="../include" />
		</ResourceCompiler>
		<Linker>
			<Add library="StShared" />
			<Add directory="../3rdparty/lib/$(TARGET_NAME)" />
			<Add directory="../lib/$(TARGET_NAME)" />
			<Add directory="../bin/$(TARGET_NAME)" />
		</Linker>
		<Unit filename="StGLAssignHotKey.cpp" />
		<Unit filename="StGLButton.cpp" />
		<Unit filename="StGLCheckbox.cpp" />
		<Unit filename="StGLCheckboxTextured.cpp" />
		<Unit filename="StGLCombobox.cpp" />
		<Unit filename="StGLDescription.cpp" />
		<Unit filename="StGLFpsLabel.cpp" />
		<Unit filename="StGLImageProgram.cpp" />
		<Unit filename="StGLImageRegion.cpp" />
		<Unit filename="StGLMenu.cpp" />
		<Unit filename="StGLMenuCheckbox.cpp" />
		<Unit filename="StGLMenuItem.cpp" />
		<Unit filename="StGLMenuProgram.cpp" />
		<Unit filename="StGLMenuRadioButton.cpp" />
		<Unit filename="StGLMessageBox.cpp" />
		<Unit filename="StGLMsgStack.cpp" />
		<Unit filename="StGLOpenFile.cpp" />
		<Unit filename="StGLPlayList.cpp" />
		<Unit filename="StGLRadioButton.cpp" />
		<Unit filename="StGLRadioButtonFloat32.cpp" />
		<Unit filename="StGLRadioButtonTextured.cpp" />
		<Unit filename="StGLRangeFieldFloat32.cpp" />
		<Unit filename="StGLRootWidget.cpp" />
		<Unit filename="StGLScrollArea.cpp" />
		<Unit filename="StGLSeekBar.cpp" />
		<Unit filename="StGLSubtitles.cpp" />
		<Unit filename="StGLSwitchTextured.cpp" />
		<Unit filename="StGLTable.cpp" />
		<Unit filename="StGLTextArea.cpp" />
		<Unit filename="StGLTextBorderProgram.cpp" />
		<Unit filename="StGLTextProgram.cpp" />
		<Unit filename="StGLTextureButton.cpp" />
		<Unit filename="StGLWidget.cpp" />
		<Unit filename="StGLWidgetList.cpp" />
		<Unit filename="StGLWidgets.rc">
			<Option compilerVar="WINDRES" />
			<Option target="WIN_vc_x86" />
			<Option target="WIN_vc_AMD64_DEBUG" />
			<Option target="WIN_vc_AMD64" />
		</Unit>
		<Unit filename="StSubQueue.cpp" />
		<Unit filename="../include/StGLWidgets/StGLAssignHotKey.h" />
		<Unit filename="../include/StGLWidgets/StGLButton.h" />
		<Unit filename="../include/StGLWidgets/StGLCheckbox.h" />
		<Unit filename="../include/StGLWidgets/StGLCheckboxTextured.h" />
		<Unit filename="../include/StGLWidgets/StGLCombobox.h" />
		<Unit filename="../include/StGLWidgets/StGLCorner.h" />
		<Unit filename="../include/StGLWidgets/StGLDescription.h" />
		<Unit filename="../include/StGLWidgets/StGLFpsLabel.h" />
		<Unit filename="../include/StGLWidgets/StGLImageProgram.h" />
		<Unit filename="../include/StGLWidgets/StGLImageRegion.h" />
		<Unit filename="../include/StGLWidgets/StGLMenu.h" />
		<Unit filename="../include/StGLWidgets/StGLMenuCheckbox.h" />
		<Unit filename="../include/StGLWidgets/StGLMenuItem.h" />
		<Unit filename="../include/StGLWidgets/StGLMenuProgram.h" />
		<Unit filename="../include/StGLWidgets/StGLMenuRadioButton.h" />
		<Unit filename="../include/StGLWidgets/StGLMessageBox.h" />
		<Unit filename="../include/StGLWidgets/StGLMsgStack.h" />
		<Unit filename="../include/StGLWidgets/StGLOpenFile.h" />
		<Unit filename="../include/StGLWidgets/StGLPlayList.h" />
		<Unit filename="../include/StGLWidgets/StGLRadioButton.h" />
		<Unit filename="../include/StGLWidgets/StGLRadioButtonFloat32.h" />
		<Unit filename="../include/StGLWidgets/StGLRadioButtonTextured.h" />
		<Unit filename="../include/StGLWidgets/StGLRangeFieldFloat32.h" />
		<Unit filename="../include/StGLWidgets/StGLRootWidget.h" />
		<Unit filename="../include/StGLWidgets/StGLScrollArea.h" />
		<Unit filename="../include/StGLWidgets/StGLSeekBar.h" />
		<Unit filename="../include/StGLWidgets/StGLShare.h" />
		<Unit filename="../include/StGLWidgets/StGLSubtitles.h" />
		<Unit filename="../include/StGLWidgets/StGLSwitchTextured.h" />
		<Unit filename="../include/StGLWidgets/StGLTable.h" />
		<Unit filename="../include/StGLWidgets/StGLTextArea.h" />
		<Unit filename="../include/StGLWidgets/StGLTextBorderProgram.h" />
		<Unit filename="../include/StGLWidgets/StGLTextProgram.h" />
		<Unit filename="../include/StGLWidgets/StGLTextureButton.h" />
		<Unit filename="../include/StGLWidgets/StGLWidget.h" />
		<Unit filename="../include/StGLWidgets/StGLWidgetList.h" />
		<Unit filename="../include/StGLWidgets/StSubQueue.h" />
		<Extensions>
			<code_completion />
			<envvars />
			<debugger />
			<lib_finder disable_auto="1" />
		</Extensions>
	</Project>
</CodeBlocks_project_file>
