<?xml version="1.0" encoding="UTF-8" standalone="yes" ?>
<CodeBlocks_project_file>
	<FileVersion major="1" minor="6" />
	<Project>
		<Option title="sViewGallery" />
		<Option pch_mode="2" />
		<Option compiler="gcc" />
		<Build>
			<Target title="web">
				<Option output="test" prefix_auto="1" extension_auto="1" />
				<Option working_dir="" />
				<Option object_output="obj/$(TARGET_NAME)/" />
				<Option type="5" />
				<Option compiler="gcc" />
			</Target>
		</Build>
		<Unit filename="codebase.php" />
		<Unit filename="configuration.php" />
		<Unit filename="js/stGallery.js" />
		<Extensions>
			<code_completion />
			<envvars />
			<debugger />
			<lib_finder disable_auto="1" />
		</Extensions>
	</Project>
</CodeBlocks_project_file>
