<?xml version="1.0" encoding="utf-8"?>
<Project ToolsVersion="4.0" xmlns="http://schemas.microsoft.com/developer/msbuild/2003">
  <ItemGroup>
    <Filter Include="Source files">
      <UniqueIdentifier>{CACACF6C-18DA-13DF-148A-3C969CC3F588}</UniqueIdentifier>
    </Filter>
  </ItemGroup>
  <ItemGroup>
    <ClCompile Include="main.cpp">
      <Filter>Source files</Filter>
    </ClCompile>
    <ClCompile Include="StCADLoader.cpp">
      <Filter>Source files</Filter>
    </ClCompile>
    <ClCompile Include="StCADModel.cpp">
      <Filter>Source files</Filter>
    </ClCompile>
    <ClCompile Include="StCADViewer.cpp">
      <Filter>Source files</Filter>
    </ClCompile>
    <ClCompile Include="StCADViewerGUI.cpp">
      <Filter>Source files</Filter>
    </ClCompile>
    <ClCompile Include="StMeshFileOBJ.cpp">
      <Filter>Source files</Filter>
    </ClCompile>
  </ItemGroup>
  <ItemGroup>
    <ResourceCompile Include="StCADViewer.rc" />
  </ItemGroup>
</Project>