<?xml version="1.0" encoding="utf-8"?>
<Project ToolsVersion="4.0" xmlns="http://schemas.microsoft.com/developer/msbuild/2003">
  <ItemGroup>
    <Filter Include="Source Files">
      <UniqueIdentifier>{4FC737F1-C7A5-4376-A066-2A32D752A2FF}</UniqueIdentifier>
      <Extensions>cpp;c;cc;cxx;m;mm;def;odl;idl;hpj;bat;asm;asmx</Extensions>
    </Filter>
    <Filter Include="Header Files">
      <UniqueIdentifier>{93995380-89BD-4b04-88EB-625FBE52EBFB}</UniqueIdentifier>
      <Extensions>h;hpp;hxx;hm;inl;inc;xsd</Extensions>
    </Filter>
    <Filter Include="Translation Files">
      <UniqueIdentifier>{51ccb8c8-e9c1-4b2b-b6d3-117ff8928d17}</UniqueIdentifier>
      <Extensions>lng</Extensions>
    </Filter>
  </ItemGroup>
  <ItemGroup>
    <ResourceCompile Include="StCADViewer.rc" />
  </ItemGroup>
  <ItemGroup>
    <Manifest Include="..\dpiAware.manifest" />
  </ItemGroup>
  <ItemGroup>
    <ClCompile Include="main.cpp">
      <Filter>Source Files</Filter>
    </ClCompile>
    <ClCompile Include="StCADFrameBuffer.cpp">
      <Filter>Source Files</Filter>
    </ClCompile>
    <ClCompile Include="StCADLoader.cpp">
      <Filter>Source Files</Filter>
    </ClCompile>
    <ClCompile Include="StCADMsgPrinter.cpp">
      <Filter>Source Files</Filter>
    </ClCompile>
    <ClCompile Include="StCADViewer.cpp">
      <Filter>Source Files</Filter>
    </ClCompile>
    <ClCompile Include="StCADViewerGUI.cpp">
      <Filter>Source Files</Filter>
    </ClCompile>
    <ClCompile Include="StCADViewerStrings.cpp">
      <Filter>Source Files</Filter>
    </ClCompile>
    <ClCompile Include="StAssetPresentation.cpp">
      <Filter>Source Files</Filter>
    </ClCompile>
    <ClCompile Include="StAssetImportShape.cpp">
      <Filter>Source Files</Filter>
    </ClCompile>
    <ClCompile Include="StAssetDocument.cpp">
      <Filter>Source Files</Filter>
    </ClCompile>
    <ClCompile Include="StAssetImportGltf.cpp">
      <Filter>Source Files</Filter>
    </ClCompile>
  </ItemGroup>
  <ItemGroup>
    <ClInclude Include="StCADFrameBuffer.h">
      <Filter>Header Files</Filter>
    </ClInclude>
    <ClInclude Include="StCADLoader.h">
      <Filter>Header Files</Filter>
    </ClInclude>
    <ClInclude Include="StCADMsgPrinter.h">
      <Filter>Header Files</Filter>
    </ClInclude>
    <ClInclude Include="StCADPluginInfo.h">
      <Filter>Header Files</Filter>
    </ClInclude>
    <ClInclude Include="StCADViewer.h">
      <Filter>Header Files</Filter>
    </ClInclude>
    <ClInclude Include="StCADViewerGUI.h">
      <Filter>Header Files</Filter>
    </ClInclude>
    <ClInclude Include="StCADViewerStrings.h">
      <Filter>Header Files</Filter>
    </ClInclude>
    <ClInclude Include="StCADWindow.h">
      <Filter>Header Files</Filter>
    </ClInclude>
    <ClInclude Include="StAssetPresentation.h">
      <Filter>Header Files</Filter>
    </ClInclude>
    <ClInclude Include="StAssetImportShape.h">
      <Filter>Header Files</Filter>
    </ClInclude>
    <ClInclude Include="StAssetDocument.h">
      <Filter>Header Files</Filter>
    </ClInclude>
    <ClInclude Include="StAssetNodeIterator.h">
      <Filter>Header Files</Filter>
    </ClInclude>
    <ClInclude Include="StAssetImportGltf.h">
      <Filter>Header Files</Filter>
    </ClInclude>
  </ItemGroup>
  <ItemGroup>
    <None Include="lang\chinese\language.lng">
      <Filter>Translation Files</Filter>
    </None>
    <None Include="lang\chinese\StCADViewer.lng">
      <Filter>Translation Files</Filter>
    </None>
    <None Include="lang\czech\language.lng">
      <Filter>Translation Files</Filter>
    </None>
    <None Include="lang\czech\StCADViewer.lng">
      <Filter>Translation Files</Filter>
    </None>
    <None Include="lang\english\StCADViewer.lng">
      <Filter>Translation Files</Filter>
    </None>
    <None Include="lang\french\StCADViewer.lng">
      <Filter>Translation Files</Filter>
    </None>
    <None Include="lang\german\StCADViewer.lng">
      <Filter>Translation Files</Filter>
    </None>
    <None Include="lang\korean\StCADViewer.lng">
      <Filter>Translation Files</Filter>
    </None>
    <None Include="lang\russian\StCADViewer.lng">
      <Filter>Translation Files</Filter>
    </None>
  </ItemGroup>
</Project>