<?xml version="1.0" encoding="UTF-8" standalone="yes" ?>
<CodeBlocks_project_file>
	<FileVersion major="1" minor="6" />
	<Project>
		<Option title="StOutInterlace" />
		<Option pch_mode="2" />
		<Option compiler="gcc" />
		<Build>
			<Target title="WIN_vc_x86">
				<Option output="../bin/$(TARGET_NAME)/StOutInterlace" imp_lib="../lib/$(TARGET_NAME)/$(TARGET_OUTPUT_BASENAME)" def_file="$(TARGET_OUTPUT_DIR)$(TARGET_OUTPUT_BASENAME)" prefix_auto="1" extension_auto="1" />
				<Option object_output="obj/$(TARGET_NAME)/" />
				<Option type="3" />
				<Option compiler="msvc10" />
				<Option createStaticLib="1" />
				<Compiler>
					<Add option="/MD" />
					<Add option="/Ox" />
					<Add option="/W4" />
					<Add option="/EHsc" />
					<Add option="/MP" />
					<Add option="/DUNICODE" />
					<Add option="/D_CRT_SECURE_NO_WARNINGS" />
					<Add option="/DNDEBUG" />
					<Add option="-DST_HAVE_STCONFIG" />
				</Compiler>
				<Linker>
					<Add option="/MANIFEST" />
					<Add library="opengl32" />
					<Add library="user32" />
					<Add library="gdi32" />
					<Add library="Advapi32" />
					<Add library="Comdlg32" />
					<Add library="Shell32" />
				</Linker>
				<ExtraCommands>
					<Add before='cmd /c call ..\copy_res.bat $(TARGET_OUTPUT_DIR) $(TARGET_OUTPUT_BASENAME)' />
					<Add after='mt.exe /nologo /manifest &quot;$(TARGET_OUTPUT_FILE).manifest&quot; /outputresource:&quot;$(TARGET_OUTPUT_FILE)&quot;;2' />
				</ExtraCommands>
			</Target>
			<Target title="WIN_vc_AMD64_DEBUG">
				<Option output="../bin/$(TARGET_NAME)/StOutInterlace" imp_lib="../lib/$(TARGET_NAME)/$(TARGET_OUTPUT_BASENAME)" def_file="$(TARGET_OUTPUT_DIR)$(TARGET_OUTPUT_BASENAME)" prefix_auto="1" extension_auto="1" />
				<Option object_output="obj/$(TARGET_NAME)/" />
				<Option type="3" />
				<Option compiler="windows_sdk_x86_64" />
				<Option createStaticLib="1" />
				<Compiler>
					<Add option="/MDd" />
					<Add option="/Od" />
					<Add option="/W4" />
					<Add option="/Zi /D_DEBUG" />
					<Add option="/Zi" />
					<Add option="/EHsc" />
					<Add option="/MP" />
					<Add option="/DUNICODE" />
					<Add option="/D_CRT_SECURE_NO_WARNINGS" />
					<Add option="/DNDEBUG" />
					<Add option="/DST_DEBUG" />
					<Add option="-DST_HAVE_STCONFIG" />
				</Compiler>
				<Linker>
					<Add option="/DEBUG" />
					<Add option="/MANIFEST" />
					<Add library="opengl32" />
					<Add library="user32" />
					<Add library="gdi32" />
					<Add library="Advapi32" />
					<Add library="Comdlg32" />
					<Add library="Shell32" />
					<Add library="Version" />
				</Linker>
				<ExtraCommands>
					<Add before='cmd /c call ..\copy_res.bat $(TARGET_OUTPUT_DIR) $(TARGET_OUTPUT_BASENAME)' />
					<Add after='mt.exe /nologo /manifest &quot;$(TARGET_OUTPUT_FILE).manifest&quot; /outputresource:&quot;$(TARGET_OUTPUT_FILE)&quot;;2' />
				</ExtraCommands>
			</Target>
			<Target title="WIN_vc_AMD64">
				<Option output="../bin/$(TARGET_NAME)/StOutInterlace" imp_lib="../lib/$(TARGET_NAME)/$(TARGET_OUTPUT_BASENAME)" def_file="$(TARGET_OUTPUT_DIR)$(TARGET_OUTPUT_BASENAME)" prefix_auto="1" extension_auto="1" />
				<Option object_output="obj/$(TARGET_NAME)/" />
				<Option type="3" />
				<Option compiler="windows_sdk_x86_64" />
				<Option createStaticLib="1" />
				<Compiler>
					<Add option="/MD" />
					<Add option="/Ox" />
					<Add option="/W4" />
					<Add option="/EHsc" />
					<Add option="/MP" />
					<Add option="/DUNICODE" />
					<Add option="/D_CRT_SECURE_NO_WARNINGS" />
					<Add option="/DNDEBUG" />
					<Add option="-DST_HAVE_STCONFIG" />
				</Compiler>
				<Linker>
					<Add option="/MANIFEST" />
					<Add library="opengl32" />
					<Add library="user32" />
					<Add library="gdi32" />
					<Add library="Advapi32" />
					<Add library="Comdlg32" />
					<Add library="Shell32" />
				</Linker>
				<ExtraCommands>
					<Add before='cmd /c call ..\copy_res.bat $(TARGET_OUTPUT_DIR) $(TARGET_OUTPUT_BASENAME)' />
					<Add after='mt.exe /nologo /manifest &quot;$(TARGET_OUTPUT_FILE).manifest&quot; /outputresource:&quot;$(TARGET_OUTPUT_FILE)&quot;;2' />
				</ExtraCommands>
			</Target>
			<Target title="LINUX_gcc">
				<Option output="../bin/$(TARGET_NAME)/libStOutInterlace" prefix_auto="1" extension_auto="1" />
				<Option object_output="obj/$(TARGET_NAME)/" />
				<Option type="3" />
				<Option compiler="gcc" />
				<Option createDefFile="1" />
				<Compiler>
					<Add option="-O3" />
					<Add option="-std=c++0x" />
					<Add option="-Wall" />
					<Add option="-fPIC" />
					<Add option="-mmmx" />
					<Add option="-msse" />
					<Add option="-DST_HAVE_STCONFIG" />
				</Compiler>
				<Linker>
					<Add option="-s" />
					<Add option="`pkg-config gtk+-2.0 --libs`" />
					<Add option="-z defs" />
					<Add library="GL" />
					<Add library="pthread" />
				</Linker>
				<ExtraCommands>
					<Add before='bash ../copy_res.sh $(TARGET_OUTPUT_DIR) $(PROJECT_NAME)' />
				</ExtraCommands>
			</Target>
			<Target title="LINUX_gcc_DEBUG">
				<Option output="../bin/$(TARGET_NAME)/libStOutInterlace" prefix_auto="1" extension_auto="1" />
				<Option object_output="obj/$(TARGET_NAME)/" />
				<Option type="3" />
				<Option compiler="gcc" />
				<Option createDefFile="1" />
				<Compiler>
					<Add option="-std=c++0x" />
					<Add option="-Wall" />
					<Add option="-g" />
					<Add option="-fPIC" />
					<Add option="-mmmx" />
					<Add option="-msse" />
					<Add option="-DST_DEBUG" />
					<Add option="-DST_HAVE_STCONFIG" />
				</Compiler>
				<Linker>
					<Add option="`pkg-config gtk+-2.0 --libs`" />
					<Add option="-z defs" />
					<Add library="GL" />
					<Add library="pthread" />
				</Linker>
				<ExtraCommands>
					<Add before='bash ../copy_res.sh $(TARGET_OUTPUT_DIR) $(PROJECT_NAME)' />
				</ExtraCommands>
			</Target>
			<Target title="MAC_gcc">
				<Option output="../bin/$(TARGET_NAME)/sView.app/Contents/MacOS/libStOutInterlace" prefix_auto="1" extension_auto="1" />
				<Option object_output="obj/$(TARGET_NAME)/" />
				<Option type="3" />
				<Option compiler="gcc" />
				<Option createDefFile="1" />
				<Compiler>
					<Add option="-O3" />
					<Add option="-Wall" />
					<Add option="-fPIC" />
					<Add option="-DST_HAVE_STCONFIG" />
				</Compiler>
				<Linker>
					<Add option="-s" />
					<Add option="-framework Appkit" />
					<Add option="-framework OpenGL" />
					<Add library="objc" />
				</Linker>
				<ExtraCommands>
					<Add before='bash ../copy_res.sh $(TARGET_OUTPUT_DIR) $(PROJECT_NAME)' />
					<Add after='install_name_tool -id @executable_path/$(TARGET_OUTPUT_BASENAME).dylib &quot;$(TARGET_OUTPUT_FILE)&quot;' />
					<Add after='ln -f -s &quot;../$(TARGET_OUTPUT_FILE)&quot; ../lib/$(TARGET_NAME)' />
				</ExtraCommands>
			</Target>
			<Target title="MAC_gcc_DEBUG">
				<Option output="../bin/$(TARGET_NAME)/sView.app/Contents/MacOS/libStOutInterlace" prefix_auto="1" extension_auto="1" />
				<Option object_output="obj/$(TARGET_NAME)/" />
				<Option type="3" />
				<Option compiler="gcc" />
				<Option createDefFile="1" />
				<Compiler>
					<Add option="-Wall" />
					<Add option="-g" />
					<Add option="-fPIC" />
					<Add option="-DST_DEBUG" />
					<Add option="-DST_HAVE_STCONFIG" />
				</Compiler>
				<Linker>
					<Add option="-framework Appkit" />
					<Add option="-framework OpenGL" />
					<Add library="objc" />
				</Linker>
				<ExtraCommands>
					<Add before='bash ../copy_res.sh $(TARGET_OUTPUT_DIR) $(PROJECT_NAME)' />
					<Add after='install_name_tool -id @executable_path/$(TARGET_OUTPUT_BASENAME).dylib &quot;$(TARGET_OUTPUT_FILE)&quot;' />
					<Add after='ln -f -s &quot;../$(TARGET_OUTPUT_FILE)&quot; ../lib/$(TARGET_NAME)' />
				</ExtraCommands>
			</Target>
		</Build>
		<Compiler>
			<Add directory="../3rdparty/include" />
			<Add directory="../include" />
		</Compiler>
		<ResourceCompiler>
			<Add directory="../include" />
		</ResourceCompiler>
		<Linker>
			<Add library="StShared" />
			<Add library="StCore" />
			<Add directory="../3rdparty/lib/$(TARGET_NAME)" />
			<Add directory="../lib/$(TARGET_NAME)" />
			<Add directory="../bin/$(TARGET_NAME)" />
		</Linker>
		<Unit filename="StOutInterlace.cpp" />
		<Unit filename="StOutInterlace.h" />
		<Unit filename="StOutInterlace.rc">
			<Option compilerVar="WINDRES" />
			<Option target="WIN_vc_x86" />
			<Option target="WIN_vc_AMD64" />
			<Option target="WIN_vc_AMD64_DEBUG" />
		</Unit>
		<Unit filename="lang/chinese/language.lng">
			<Option target="&lt;{~None~}&gt;" />
		</Unit>
		<Unit filename="lang/chinese/StOutInterlace.lng">
			<Option target="&lt;{~None~}&gt;" />
		</Unit>
		<Unit filename="lang/english/StOutInterlace.lng">
			<Option target="&lt;{~None~}&gt;" />
		</Unit>
		<Unit filename="lang/french/StOutInterlace.lng">
			<Option target="&lt;{~None~}&gt;" />
		</Unit>
		<Unit filename="lang/german/StOutInterlace.lng">
			<Option target="&lt;{~None~}&gt;" />
		</Unit>
		<Unit filename="lang/russian/StOutInterlace.lng">
			<Option target="&lt;{~None~}&gt;" />
		</Unit>
		<Unit filename="lang/korean/language.lng">
			<Option target="&lt;{~None~}&gt;" />
		</Unit>
		<Unit filename="lang/korean/StOutInterlace.lng">
			<Option target="&lt;{~None~}&gt;" />
		</Unit>
		<Unit filename="shaders/fEDinterlace.shf" />
		<Unit filename="shaders/fEDoff.shf" />
		<Unit filename="shaders/vED.shv" />
		<Extensions>
			<code_completion />
			<envvars />
			<debugger />
			<lib_finder disable_auto="1" />
		</Extensions>
	</Project>
</CodeBlocks_project_file>
