<?xml version="1.0" encoding="UTF-8" standalone="yes" ?>
<CodeBlocks_project_file>
	<FileVersion major="1" minor="6" />
	<Project>
		<Option title="sViewMakefile" />
		<Option makefile="$(PROJECT_DIRECTORY)../Makefile" />
		<Option makefile_is_custom="1" />
		<Option execution_dir="$(PROJECT_DIRECTORY).." />
		<Option pch_mode="2" />
		<Option compiler="gcc" />
		<Build>
			<Target title="make_linux">
				<Option output="../bin/$(TARGET_NAME)/sViewLinux" prefix_auto="1" extension_auto="1" />
				<Option working_dir="../bin/$(TARGET_NAME)/" />
				<Option object_output="obj/$(TARGET_NAME)/" />
				<Option type="1" />
				<Option compiler="gcc" />
				<MakeCommands>
					<Build command="$make --directory=$(PROJECT_DIRECTORY).. -f $makefile all" />
					<CompileFile command="$make --directory=$(PROJECT_DIRECTORY).. -f $makefile $file" />
					<Clean command="$make --directory=$(PROJECT_DIRECTORY).. -f $makefile clean" />
					<DistClean command="$make --directory=$(PROJECT_DIRECTORY).. -f $makefile distclean$target" />
					<AskRebuildNeeded command="$make --directory=$(PROJECT_DIRECTORY).. -q -f $makefile all" />
					<SilentBuild command="$make --directory=$(PROJECT_DIRECTORY).. -f $makefile all &gt; $(CMD_NULL)" />
				</MakeCommands>
			</Target>
			<Target title="make_android">
				<Option output="sViewAndroid" prefix_auto="1" extension_auto="1" />
				<Option type="0" />
				<Option compiler="gcc" />
				<MakeCommands>
					<Build command="$make --directory=$(PROJECT_DIRECTORY).. -f $makefile android" />
					<CompileFile command="$make --directory=$(PROJECT_DIRECTORY).. -f $makefile $file" />
					<Clean command="$make --directory=$(PROJECT_DIRECTORY).. -f $makefile clean" />
					<DistClean command="$make --directory=$(PROJECT_DIRECTORY).. -f $makefile distclean$target" />
					<AskRebuildNeeded command="$make --directory=$(PROJECT_DIRECTORY).. -q -f $makefile android" />
					<SilentBuild command="$make --directory=$(PROJECT_DIRECTORY).. -f $makefile android &gt; $(CMD_NULL)" />
				</MakeCommands>
			</Target>
		</Build>
		<Unit filename="../Makefile" />
		<Extensions>
			<code_completion />
			<envvars />
			<debugger />
			<lib_finder disable_auto="1" />
		</Extensions>
	</Project>
</CodeBlocks_project_file>
