<?xml version="1.0" encoding="utf-8"?>
<Project ToolsVersion="4.0" xmlns="http://schemas.microsoft.com/developer/msbuild/2003">
  <ItemGroup>
    <Filter Include="Source files">
      <UniqueIdentifier>{CACACF6C-18DA-13DF-148A-3C969CC3F588}</UniqueIdentifier>
    </Filter>
  </ItemGroup>
  <ItemGroup>
    <ClCompile Include="StOutIZ3D.cpp">
      <Filter>Source files</Filter>
    </ClCompile>
    <ClCompile Include="StOutIZ3DShaders.cpp">
      <Filter>Source files</Filter>
    </ClCompile>
  </ItemGroup>
  <ItemGroup>
    <ResourceCompile Include="StOutIZ3D.rc" />
  </ItemGroup>
</Project>
