<?xml version="1.0" encoding="UTF-8" standalone="yes" ?>
<CodeBlocks_project_file>
	<FileVersion major="1" minor="6" />
	<Project>
		<Option title="StOutIZ3D" />
		<Option pch_mode="2" />
		<Option compiler="windows_sdk_x86" />
		<Build>
			<Target title="WIN_gcc_x86">
				<Option output="../bin/$(TARGET_NAME)/libStOutIZ3D" imp_lib="../lib/$(TARGET_NAME)/$(TARGET_OUTPUT_BASENAME)" def_file="$(TARGET_OUTPUT_DIR)$(TARGET_OUTPUT_BASENAME)" prefix_auto="1" extension_auto="1" />
				<Option object_output="obj/$(TARGET_NAME)/" />
				<Option type="3" />
				<Option compiler="gcc" />
				<Option createStaticLib="1" />
				<Compiler>
					<Add option="-O3" />
					<Add option="-std=c++0x" />
					<Add option="-Wall" />
					<Add option="-g" />
					<Add option="-shared" />
					<Add option="-mmmx" />
					<Add option="-msse" />
					<Add option="-DUNICODE" />
					<Add option="-D__ST_DEBUG__" />
				</Compiler>
				<Linker>
					<Add library="opengl32" />
					<Add library="gdi32" />
					<Add library="Version" />
				</Linker>
				<ExtraCommands>
					<Add before='cmd /c IF NOT EXIST &quot;$(TARGET_OUTPUT_DIR)..\lang\english&quot; MKDIR &quot;$(TARGET_OUTPUT_DIR)..\lang\english&quot;' />
					<Add before='cmd /c IF NOT EXIST &quot;$(TARGET_OUTPUT_DIR)..\lang\русский&quot; MKDIR &quot;$(TARGET_OUTPUT_DIR)..\lang\русский&quot;' />
					<Add before='cmd /c IF NOT EXIST &quot;$(TARGET_OUTPUT_DIR)..\lang\français&quot; MKDIR &quot;$(TARGET_OUTPUT_DIR)..\lang\français&quot;' />
					<Add before='cmd /c COPY /Y lang\english\* &quot;$(TARGET_OUTPUT_DIR)..\lang\english\&quot;' />
					<Add before='cmd /c COPY /Y lang\russian\* &quot;$(TARGET_OUTPUT_DIR)..\lang\русский\&quot;' />
					<Add before='cmd /c COPY /Y lang\french\* &quot;$(TARGET_OUTPUT_DIR)..\lang\français\&quot;' />
					<Add before='cmd /c IF NOT EXIST &quot;$(TARGET_OUTPUT_DIR)..\shaders\$(TARGET_OUTPUT_BASENAME)&quot; MKDIR &quot;$(TARGET_OUTPUT_DIR)..\shaders\$(TARGET_OUTPUT_BASENAME)&quot;' />
					<Add before='cmd /c COPY /Y shaders\* &quot;$(TARGET_OUTPUT_DIR)..\shaders\$(TARGET_OUTPUT_BASENAME)\&quot;' />
				</ExtraCommands>
			</Target>
			<Target title="WIN_vc_x86">
				<Option output="../bin/$(TARGET_NAME)/StOutIZ3D" imp_lib="../lib/$(TARGET_NAME)/$(TARGET_OUTPUT_BASENAME)" def_file="$(TARGET_OUTPUT_DIR)$(TARGET_OUTPUT_BASENAME)" prefix_auto="1" extension_auto="1" />
				<Option object_output="obj/$(TARGET_NAME)/" />
				<Option type="3" />
				<Option compiler="windows_sdk_x86" />
				<Option createStaticLib="1" />
				<Compiler>
					<Add option="/MD" />
					<Add option="/Ox" />
					<Add option="/W4" />
					<Add option="/EHsc" />
					<Add option="/MP" />
					<Add option="/DUNICODE" />
					<Add option="/D_CRT_SECURE_NO_WARNINGS" />
					<Add option="/DNDEBUG" />
				</Compiler>
				<Linker>
					<Add option="/MANIFEST" />
					<Add library="opengl32" />
					<Add library="user32" />
					<Add library="gdi32" />
					<Add library="Advapi32" />
					<Add library="Comdlg32" />
					<Add library="Shell32" />
				</Linker>
				<ExtraCommands>
					<Add before='cmd /c IF NOT EXIST &quot;$(TARGET_OUTPUT_DIR)..\lang\english&quot; MKDIR &quot;$(TARGET_OUTPUT_DIR)..\lang\english&quot;' />
					<Add before='cmd /c IF NOT EXIST &quot;$(TARGET_OUTPUT_DIR)..\lang\русский&quot; MKDIR &quot;$(TARGET_OUTPUT_DIR)..\lang\русский&quot;' />
					<Add before='cmd /c IF NOT EXIST &quot;$(TARGET_OUTPUT_DIR)..\lang\français&quot; MKDIR &quot;$(TARGET_OUTPUT_DIR)..\lang\français&quot;' />
					<Add before='cmd /c COPY /Y lang\english\* &quot;$(TARGET_OUTPUT_DIR)..\lang\english\&quot;' />
					<Add before='cmd /c COPY /Y lang\russian\* &quot;$(TARGET_OUTPUT_DIR)..\lang\русский\&quot;' />
					<Add before='cmd /c COPY /Y lang\french\* &quot;$(TARGET_OUTPUT_DIR)..\lang\français\&quot;' />
					<Add before='cmd /c IF NOT EXIST &quot;$(TARGET_OUTPUT_DIR)..\shaders\$(TARGET_OUTPUT_BASENAME)&quot; MKDIR &quot;$(TARGET_OUTPUT_DIR)..\shaders\$(TARGET_OUTPUT_BASENAME)&quot;' />
					<Add before='cmd /c COPY /Y shaders\* &quot;$(TARGET_OUTPUT_DIR)..\shaders\$(TARGET_OUTPUT_BASENAME)\&quot;' />
					<Add after='mt.exe /nologo /manifest &quot;$(TARGET_OUTPUT_FILE).manifest&quot; /outputresource:&quot;$(TARGET_OUTPUT_FILE)&quot;;2' />
				</ExtraCommands>
			</Target>
			<Target title="WIN_vc_x86_DEBUG">
				<Option output="../bin/$(TARGET_NAME)/StOutIZ3D" imp_lib="../lib/$(TARGET_NAME)/$(TARGET_OUTPUT_BASENAME)" def_file="$(TARGET_OUTPUT_DIR)$(TARGET_OUTPUT_BASENAME)" prefix_auto="1" extension_auto="1" />
				<Option object_output="obj/$(TARGET_NAME)/" />
				<Option type="3" />
				<Option compiler="windows_sdk_x86" />
				<Option createStaticLib="1" />
				<Compiler>
					<Add option="/MDd" />
					<Add option="/Od" />
					<Add option="/W4" />
					<Add option="/Zi /D_DEBUG" />
					<Add option="/Zi" />
					<Add option="/EHsc" />
					<Add option="/MP" />
					<Add option="/DUNICODE" />
					<Add option="/D_CRT_SECURE_NO_WARNINGS" />
					<Add option="/DNDEBUG" />
					<Add option="/D__ST_DEBUG__" />
				</Compiler>
				<Linker>
					<Add option="/DEBUG" />
					<Add option="/MANIFEST" />
					<Add library="opengl32" />
					<Add library="user32" />
					<Add library="gdi32" />
					<Add library="Advapi32" />
					<Add library="Comdlg32" />
					<Add library="Shell32" />
					<Add library="Version" />
				</Linker>
				<ExtraCommands>
					<Add before='cmd /c IF NOT EXIST &quot;$(TARGET_OUTPUT_DIR)..\lang\english&quot; MKDIR &quot;$(TARGET_OUTPUT_DIR)..\lang\english&quot;' />
					<Add before='cmd /c IF NOT EXIST &quot;$(TARGET_OUTPUT_DIR)..\lang\русский&quot; MKDIR &quot;$(TARGET_OUTPUT_DIR)..\lang\русский&quot;' />
					<Add before='cmd /c IF NOT EXIST &quot;$(TARGET_OUTPUT_DIR)..\lang\français&quot; MKDIR &quot;$(TARGET_OUTPUT_DIR)..\lang\français&quot;' />
					<Add before='cmd /c COPY /Y lang\english\* &quot;$(TARGET_OUTPUT_DIR)..\lang\english\&quot;' />
					<Add before='cmd /c COPY /Y lang\russian\* &quot;$(TARGET_OUTPUT_DIR)..\lang\русский\&quot;' />
					<Add before='cmd /c COPY /Y lang\french\* &quot;$(TARGET_OUTPUT_DIR)..\lang\français\&quot;' />
					<Add before='cmd /c IF NOT EXIST &quot;$(TARGET_OUTPUT_DIR)..\shaders\$(TARGET_OUTPUT_BASENAME)&quot; MKDIR &quot;$(TARGET_OUTPUT_DIR)..\shaders\$(TARGET_OUTPUT_BASENAME)&quot;' />
					<Add before='cmd /c COPY /Y shaders\* &quot;$(TARGET_OUTPUT_DIR)..\shaders\$(TARGET_OUTPUT_BASENAME)\&quot;' />
					<Add after='mt.exe /nologo /manifest &quot;$(TARGET_OUTPUT_FILE).manifest&quot; /outputresource:&quot;$(TARGET_OUTPUT_FILE)&quot;;2' />
				</ExtraCommands>
			</Target>
			<Target title="WIN_vc_AMD64">
				<Option output="../bin/$(TARGET_NAME)/StOutIZ3D" imp_lib="../lib/$(TARGET_NAME)/$(TARGET_OUTPUT_BASENAME)" def_file="$(TARGET_OUTPUT_DIR)$(TARGET_OUTPUT_BASENAME)" prefix_auto="1" extension_auto="1" />
				<Option object_output="obj/$(TARGET_NAME)/" />
				<Option type="3" />
				<Option compiler="windows_sdk_x86_64" />
				<Option createStaticLib="1" />
				<Compiler>
					<Add option="/MD" />
					<Add option="/Ox" />
					<Add option="/W4" />
					<Add option="/EHsc" />
					<Add option="/MP" />
					<Add option="/DUNICODE" />
					<Add option="/D_CRT_SECURE_NO_WARNINGS" />
					<Add option="/DNDEBUG" />
				</Compiler>
				<Linker>
					<Add option="/MANIFEST" />
					<Add library="opengl32" />
					<Add library="user32" />
					<Add library="gdi32" />
					<Add library="Advapi32" />
					<Add library="Comdlg32" />
					<Add library="Shell32" />
				</Linker>
				<ExtraCommands>
					<Add before='cmd /c IF NOT EXIST &quot;$(TARGET_OUTPUT_DIR)..\lang\english&quot; MKDIR &quot;$(TARGET_OUTPUT_DIR)..\lang\english&quot;' />
					<Add before='cmd /c IF NOT EXIST &quot;$(TARGET_OUTPUT_DIR)..\lang\русский&quot; MKDIR &quot;$(TARGET_OUTPUT_DIR)..\lang\русский&quot;' />
					<Add before='cmd /c IF NOT EXIST &quot;$(TARGET_OUTPUT_DIR)..\lang\français&quot; MKDIR &quot;$(TARGET_OUTPUT_DIR)..\lang\français&quot;' />
					<Add before='cmd /c COPY /Y lang\english\* &quot;$(TARGET_OUTPUT_DIR)..\lang\english\&quot;' />
					<Add before='cmd /c COPY /Y lang\russian\* &quot;$(TARGET_OUTPUT_DIR)..\lang\русский\&quot;' />
					<Add before='cmd /c COPY /Y lang\french\* &quot;$(TARGET_OUTPUT_DIR)..\lang\français\&quot;' />
					<Add before='cmd /c IF NOT EXIST &quot;$(TARGET_OUTPUT_DIR)..\shaders\$(TARGET_OUTPUT_BASENAME)&quot; MKDIR &quot;$(TARGET_OUTPUT_DIR)..\shaders\$(TARGET_OUTPUT_BASENAME)&quot;' />
					<Add before='cmd /c COPY /Y shaders\* &quot;$(TARGET_OUTPUT_DIR)..\shaders\$(TARGET_OUTPUT_BASENAME)\&quot;' />
					<Add after='mt.exe /nologo /manifest &quot;$(TARGET_OUTPUT_FILE).manifest&quot; /outputresource:&quot;$(TARGET_OUTPUT_FILE)&quot;;2' />
				</ExtraCommands>
			</Target>
			<Target title="LINUX_gcc">
				<Option output="../bin/$(TARGET_NAME)/libStOutIZ3D" prefix_auto="1" extension_auto="1" />
				<Option object_output="obj/$(TARGET_NAME)/" />
				<Option type="3" />
				<Option compiler="gcc" />
				<Option createDefFile="1" />
				<Compiler>
					<Add option="-O3" />
					<Add option="-std=c++0x" />
					<Add option="-Wall" />
					<Add option="-fPIC" />
					<Add option="-mmmx" />
					<Add option="-msse" />
				</Compiler>
				<Linker>
					<Add option="-s" />
					<Add option="`pkg-config gtk+-2.0 --libs`" />
					<Add option="-z defs" />
					<Add library="GL" />
					<Add library="pthread" />
				</Linker>
				<ExtraCommands>
					<Add before='mkdir -p &quot;$(TARGET_OUTPUT_DIR)../lang/english/&quot;' />
					<Add before='mkdir -p &quot;$(TARGET_OUTPUT_DIR)../lang/русский/&quot;' />
					<Add before='mkdir -p &quot;$(TARGET_OUTPUT_DIR)../lang/français/&quot;' />
					<Add before='cp -f -r lang/english/* &quot;$(TARGET_OUTPUT_DIR)../lang/english/&quot;' />
					<Add before='cp -f -r lang/russian/* &quot;$(TARGET_OUTPUT_DIR)../lang/русский/&quot;' />
					<Add before='cp -f -r lang/french/* &quot;$(TARGET_OUTPUT_DIR)../lang/français/&quot;' />
					<Add before='mkdir -p &quot;$(TARGET_OUTPUT_DIR)../shaders/$(TARGET_OUTPUT_BASENAME)/&quot;' />
					<Add before='cp -f -r shaders/* &quot;$(TARGET_OUTPUT_DIR)../shaders/$(TARGET_OUTPUT_BASENAME)/&quot;' />
				</ExtraCommands>
			</Target>
			<Target title="LINUX_gcc_DEBUG">
				<Option output="../bin/$(TARGET_NAME)/libStOutIZ3D" prefix_auto="1" extension_auto="1" />
				<Option object_output="obj/$(TARGET_NAME)/" />
				<Option type="3" />
				<Option compiler="gcc" />
				<Option createDefFile="1" />
				<Compiler>
					<Add option="-std=c++0x" />
					<Add option="-Wall" />
					<Add option="-g" />
					<Add option="-fPIC" />
					<Add option="-mmmx" />
					<Add option="-msse" />
					<Add option="-D__ST_DEBUG__" />
				</Compiler>
				<Linker>
					<Add option="`pkg-config gtk+-2.0 --libs`" />
					<Add option="-z defs" />
					<Add library="GL" />
					<Add library="pthread" />
				</Linker>
				<ExtraCommands>
					<Add before='mkdir -p &quot;$(TARGET_OUTPUT_DIR)../lang/english/&quot;' />
					<Add before='mkdir -p &quot;$(TARGET_OUTPUT_DIR)../lang/русский/&quot;' />
					<Add before='mkdir -p &quot;$(TARGET_OUTPUT_DIR)../lang/français/&quot;' />
					<Add before='cp -f -r lang/english/* &quot;$(TARGET_OUTPUT_DIR)../lang/english/&quot;' />
					<Add before='cp -f -r lang/russian/* &quot;$(TARGET_OUTPUT_DIR)../lang/русский/&quot;' />
					<Add before='cp -f -r lang/french/* &quot;$(TARGET_OUTPUT_DIR)../lang/français/&quot;' />
					<Add before='mkdir -p &quot;$(TARGET_OUTPUT_DIR)../shaders/$(TARGET_OUTPUT_BASENAME)/&quot;' />
					<Add before='cp -f -r shaders/* &quot;$(TARGET_OUTPUT_DIR)../shaders/$(TARGET_OUTPUT_BASENAME)/&quot;' />
				</ExtraCommands>
			</Target>
			<Target title="MAC_gcc">
				<Option output="../bin/$(TARGET_NAME)/sView.app/Contents/MacOS/libStOutIZ3D" prefix_auto="1" extension_auto="1" />
				<Option object_output="obj/$(TARGET_NAME)/" />
				<Option type="3" />
				<Option compiler="gcc" />
				<Option createDefFile="1" />
				<Compiler>
					<Add option="-O3" />
					<Add option="-Wall" />
					<Add option="-fPIC" />
				</Compiler>
				<Linker>
					<Add option="-s" />
					<Add option="-framework Appkit" />
					<Add option="-framework OpenGL" />
					<Add library="objc" />
				</Linker>
				<ExtraCommands>
					<Add before='mkdir -p &quot;$(TARGET_OUTPUT_DIR)../lang/english/&quot;' />
					<Add before='mkdir -p &quot;$(TARGET_OUTPUT_DIR)../lang/русский/&quot;' />
					<Add before='mkdir -p &quot;$(TARGET_OUTPUT_DIR)../lang/français/&quot;' />
					<Add before='cp -f -r lang/english/* &quot;$(TARGET_OUTPUT_DIR)../lang/english/&quot;' />
					<Add before='cp -f -r lang/russian/* &quot;$(TARGET_OUTPUT_DIR)../lang/русский/&quot;' />
					<Add before='cp -f -r lang/french/* &quot;$(TARGET_OUTPUT_DIR)../lang/français/&quot;' />
					<Add before='mkdir -p &quot;$(TARGET_OUTPUT_DIR)../shaders/$(TARGET_OUTPUT_BASENAME)/&quot;' />
					<Add before='cp -f -r shaders/* &quot;$(TARGET_OUTPUT_DIR)../shaders/$(TARGET_OUTPUT_BASENAME)/&quot;' />
				</ExtraCommands>
			</Target>
			<Target title="MAC_gcc_DEBUG">
				<Option output="../bin/$(TARGET_NAME)/sView.app/Contents/MacOS/libStOutIZ3D" prefix_auto="1" extension_auto="1" />
				<Option object_output="obj/$(TARGET_NAME)/" />
				<Option type="3" />
				<Option compiler="gcc" />
				<Option createDefFile="1" />
				<Compiler>
					<Add option="-Wall" />
					<Add option="-g" />
					<Add option="-fPIC" />
					<Add option="-D__ST_DEBUG__" />
				</Compiler>
				<Linker>
					<Add option="-framework Appkit" />
					<Add option="-framework OpenGL" />
					<Add library="objc" />
				</Linker>
				<ExtraCommands>
					<Add before='mkdir -p &quot;$(TARGET_OUTPUT_DIR)../lang/english/&quot;' />
					<Add before='mkdir -p &quot;$(TARGET_OUTPUT_DIR)../lang/русский/&quot;' />
					<Add before='mkdir -p &quot;$(TARGET_OUTPUT_DIR)../lang/français/&quot;' />
					<Add before='cp -f -r lang/english/* &quot;$(TARGET_OUTPUT_DIR)../lang/english/&quot;' />
					<Add before='cp -f -r lang/russian/* &quot;$(TARGET_OUTPUT_DIR)../lang/русский/&quot;' />
					<Add before='cp -f -r lang/french/* &quot;$(TARGET_OUTPUT_DIR)../lang/français/&quot;' />
					<Add before='mkdir -p &quot;$(TARGET_OUTPUT_DIR)../shaders/$(TARGET_OUTPUT_BASENAME)/&quot;' />
					<Add before='cp -f -r shaders/* &quot;$(TARGET_OUTPUT_DIR)../shaders/$(TARGET_OUTPUT_BASENAME)/&quot;' />
				</ExtraCommands>
			</Target>
		</Build>
		<Compiler>
			<Add directory="../3rdparty/include" />
			<Add directory="../include" />
		</Compiler>
		<ResourceCompiler>
			<Add directory="../include" />
		</ResourceCompiler>
		<Linker>
			<Add library="StShared" />
			<Add library="StSettings" />
			<Add library="StCore" />
			<Add library="avutil" />
			<Add library="avformat" />
			<Add library="avcodec" />
			<Add library="swscale" />
			<Add library="libwebp" />
			<Add directory="../3rdparty/lib/$(TARGET_NAME)" />
			<Add directory="../lib/$(TARGET_NAME)" />
			<Add directory="../bin/$(TARGET_NAME)" />
		</Linker>
		<Unit filename="StOutIZ3D.cpp" />
		<Unit filename="StOutIZ3D.h" />
		<Unit filename="StOutIZ3D.rc">
			<Option compilerVar="WINDRES" />
			<Option target="WIN_vc_x86" />
			<Option target="WIN_vc_AMD64" />
			<Option target="WIN_gcc_x86" />
			<Option target="WIN_vc_x86_DEBUG" />
		</Unit>
		<Unit filename="StOutIZ3DShaders.cpp" />
		<Unit filename="StOutIZ3DShaders.h" />
		<Unit filename="lang/english/StOutIZ3D.lng">
			<Option target="&lt;{~None~}&gt;" />
		</Unit>
		<Unit filename="lang/french/StOutIZ3D.lng">
			<Option target="&lt;{~None~}&gt;" />
		</Unit>
		<Unit filename="lang/russian/StOutIZ3D.lng">
			<Option target="&lt;{~None~}&gt;" />
		</Unit>
		<Unit filename="shaders/fIZ3DBackClassic.shf" />
		<Unit filename="shaders/fIZ3DBackTable.shf" />
		<Unit filename="shaders/fIZ3DFrontClassic.shf" />
		<Unit filename="shaders/fIZ3DFrontTable.shf" />
		<Unit filename="shaders/vIZ3D.shv" />
		<Extensions>
			<code_completion />
			<envvars />
			<debugger />
			<lib_finder disable_auto="1" />
		</Extensions>
	</Project>
</CodeBlocks_project_file>
