<?xml version="1.0" encoding="utf-8"?>
<Project ToolsVersion="4.0" xmlns="http://schemas.microsoft.com/developer/msbuild/2003">
  <ItemGroup>
    <Filter Include="Source files">
      <UniqueIdentifier>{CACACF6C-18DA-13DF-148A-3C969CC3F588}</UniqueIdentifier>
    </Filter>
  </ItemGroup>
  <ItemGroup>
    <ClCompile Include="StADLsdk.cpp">
      <Filter>Source files</Filter>
    </ClCompile>
    <ClCompile Include="StAndroidGlue.cpp">
      <Filter>Source files</Filter>
    </ClCompile>
    <ClCompile Include="StApplication.cpp">
      <Filter>Source files</Filter>
    </ClCompile>
    <ClCompile Include="StKeysState.cpp">
      <Filter>Source files</Filter>
    </ClCompile>
    <ClCompile Include="StSearchMonitors.cpp">
      <Filter>Source files</Filter>
    </ClCompile>
    <ClCompile Include="StWindow.cpp">
      <Filter>Source files</Filter>
    </ClCompile>
    <ClCompile Include="StWindowImpl.cpp">
      <Filter>Source files</Filter>
    </ClCompile>
    <ClCompile Include="StWindowImplAnd.cpp">
      <Filter>Source files</Filter>
    </ClCompile>
    <ClCompile Include="StWindowImplLin.cpp">
      <Filter>Source files</Filter>
    </ClCompile>
    <ClCompile Include="StWindowImplWin.cpp">
      <Filter>Source files</Filter>
    </ClCompile>
    <ClCompile Include="StWinHandles.cpp">
      <Filter>Source files</Filter>
    </ClCompile>
    <ClCompile Include="StXDisplay.cpp">
      <Filter>Source files</Filter>
    </ClCompile>
  </ItemGroup>
  <ItemGroup>
    <ResourceCompile Include="StCore.rc" />
  </ItemGroup>
</Project>
